
Microsoft Visual Studio Solution File, Format Version 12.00
# Visual Studio Version 16
VisualStudioVersion = 16.0.30717.126
MinimumVisualStudioVersion = 10.0.40219.1
Project("{FAE04EC0-301F-11D3-BF4B-00C04F79EFBC}") = "MeiliSearchExample", "MeiliSearchExample\MeiliSearchExample.csproj", "{43D87F07-322A-4AF7-8A1A-BB389057BDD4}"
EndProject
Global
	GlobalSection(SolutionConfigurationPlatforms) = preSolution
		Debug|Any CPU = Debug|Any CPU
		Release|Any CPU = Release|Any CPU
	EndGlobalSection
	GlobalSection(ProjectConfigurationPlatforms) = postSolution
		{43D87F07-322A-4AF7-8A1A-BB389057BDD4}.Debug|Any CPU.ActiveCfg = Debug|Any CPU
		{43D87F07-322A-4AF7-8A1A-BB389057BDD4}.Debug|Any CPU.Build.0 = Debug|Any CPU
		{43D87F07-322A-4AF7-8A1A-BB389057BDD4}.Release|Any CPU.ActiveCfg = Release|Any CPU
		{43D87F07-322A-4AF7-8A1A-BB389057BDD4}.Release|Any CPU.Build.0 = Release|Any CPU
	EndGlobalSection
	GlobalSection(SolutionProperties) = preSolution
		HideSolutionNode = FALSE
	EndGlobalSection
	GlobalSection(ExtensibilityGlobals) = postSolution
		SolutionGuid = {B1136B67-F0BC-44C0-9714-687B58FFCC0A}
	EndGlobalSection
EndGlobal
